
Microsoft Visual Studio Solution File, Format Version 12.00
# Visual Studio Version 17
VisualStudioVersion = 17.9.34728.123
MinimumVisualStudioVersion = 10.0.40219.1
Project("{FAE04EC0-301F-11D3-BF4B-00C04F79EFBC}") = "EjercicioInterfaces", "EjercicioInterfaces.csproj", "{0C74A58E-DA53-402B-9075-ED4FE4F4A017}"
EndProject
Global
	GlobalSection(SolutionConfigurationPlatforms) = preSolution
		Debug|Any CPU = Debug|Any CPU
		Release|Any CPU = Release|Any CPU
	EndGlobalSection
	GlobalSection(ProjectConfigurationPlatforms) = postSolution
		{0C74A58E-DA53-402B-9075-ED4FE4F4A017}.Debug|Any CPU.ActiveCfg = Debug|Any CPU
		{0C74A58E-DA53-402B-9075-ED4FE4F4A017}.Debug|Any CPU.Build.0 = Debug|Any CPU
		{0C74A58E-DA53-402B-9075-ED4FE4F4A017}.Release|Any CPU.ActiveCfg = Release|Any CPU
		{0C74A58E-DA53-402B-9075-ED4FE4F4A017}.Release|Any CPU.Build.0 = Release|Any CPU
	EndGlobalSection
	GlobalSection(SolutionProperties) = preSolution
		HideSolutionNode = FALSE
	EndGlobalSection
	GlobalSection(ExtensibilityGlobals) = postSolution
		SolutionGuid = {DDA5490B-A815-4316-A05A-2A7ADE93DE10}
	EndGlobalSection
EndGlobal
